// !$*UTF8*$!
{
	archiveVersion = 1;
	classes = {
	};
	objectVersion = 51;
	objects = {

/* Begin PBXBuildFile section */
		80D41B7A38F04152CA55E49E /* Pods_PostureApp.framework in Frameworks */ = {isa = PBXBuildFile; fileRef = E2E0ABA3A5DA57063844E745 /* Pods_PostureApp.framework */; };
		D411A732262887A300A0E762 /* SecondTrackViewController.swift in Sources */ = {isa = PBXBuildFile; fileRef = D411A731262887A300A0E762 /* SecondTrackViewController.swift */; };
		D44FA41126111EBE00EB1050 /* BlePeripheral.swift in Sources */ = {isa = PBXBuildFile; fileRef = D44FA40F26111EBD00EB1050 /* BlePeripheral.swift */; };
		D44FA41226111EBE00EB1050 /* CBUUIDs.swift in Sources */ = {isa = PBXBuildFile; fileRef = D44FA41026111EBE00EB1050 /* CBUUIDs.swift */; };
		D44FA4162611208F00EB1050 /* ConsoleViewController.swift in Sources */ = {isa = PBXBuildFile; fileRef = D44FA4152611208F00EB1050 /* ConsoleViewController.swift */; };
		D44FA41E261128F800EB1050 /* TableViewCell.swift in Sources */ = {isa = PBXBuildFile; fileRef = D44FA41D261128F800EB1050 /* TableViewCell.swift */; };
		D45551EF26029363005BAFD0 /* SummaryViewController.swift in Sources */ = {isa = PBXBuildFile; fileRef = D45551EE26029363005BAFD0 /* SummaryViewController.swift */; };
		D45F9F0C25ED4176006A8228 /* GoalsViewController.swift in Sources */ = {isa = PBXBuildFile; fileRef = D45F9F0B25ED4176006A8228 /* GoalsViewController.swift */; };
		D4679C3825E4729F00DD5215 /* ActivityTableViewCell.swift in Sources */ = {isa = PBXBuildFile; fileRef = D4679C3625E4729F00DD5215 /* ActivityTableViewCell.swift */; };
		D4679C3925E4729F00DD5215 /* ActivityTableViewCell.xib in Resources */ = {isa = PBXBuildFile; fileRef = D4679C3725E4729F00DD5215 /* ActivityTableViewCell.xib */; };
		D47E7DE825E4120F00630807 /* AppDelegate.swift in Sources */ = {isa = PBXBuildFile; fileRef = D47E7DE725E4120F00630807 /* AppDelegate.swift */; };
		D47E7DEA25E4120F00630807 /* SceneDelegate.swift in Sources */ = {isa = PBXBuildFile; fileRef = D47E7DE925E4120F00630807 /* SceneDelegate.swift */; };
		D47E7DEC25E4120F00630807 /* ViewController.swift in Sources */ = {isa = PBXBuildFile; fileRef = D47E7DEB25E4120F00630807 /* ViewController.swift */; };
		D47E7DEF25E4120F00630807 /* Main.storyboard in Resources */ = {isa = PBXBuildFile; fileRef = D47E7DED25E4120F00630807 /* Main.storyboard */; };
		D47E7DF125E4121100630807 /* Assets.xcassets in Resources */ = {isa = PBXBuildFile; fileRef = D47E7DF025E4121100630807 /* Assets.xcassets */; };
		D47E7DF425E4121100630807 /* LaunchScreen.storyboard in Resources */ = {isa = PBXBuildFile; fileRef = D47E7DF225E4121100630807 /* LaunchScreen.storyboard */; };
		D48D2ABA25E84CBB00BC5582 /* ResultsViewController.swift in Sources */ = {isa = PBXBuildFile; fileRef = D48D2AB925E84CBB00BC5582 /* ResultsViewController.swift */; };
		D49EE2BD26178447005EE24B /* BluetoothViewController.swift in Sources */ = {isa = PBXBuildFile; fileRef = D49EE2BC26178447005EE24B /* BluetoothViewController.swift */; };
		D4D8FC1D25EC75C800EEDD00 /* ActiveResultsViewController.swift in Sources */ = {isa = PBXBuildFile; fileRef = D4D8FC1C25EC75C800EEDD00 /* ActiveResultsViewController.swift */; };
		D4F3EDAC25E4313F0004A595 /* TrackViewController.swift in Sources */ = {isa = PBXBuildFile; fileRef = D4F3EDAB25E4313F0004A595 /* TrackViewController.swift */; };
/* End PBXBuildFile section */

/* Begin PBXFileReference section */
		D411A731262887A300A0E762 /* SecondTrackViewController.swift */ = {isa = PBXFileReference; lastKnownFileType = sourcecode.swift; path = SecondTrackViewController.swift; sourceTree = "<group>"; };
		D44FA40F26111EBD00EB1050 /* BlePeripheral.swift */ = {isa = PBXFileReference; fileEncoding = 4; lastKnownFileType = sourcecode.swift; path = BlePeripheral.swift; sourceTree = "<group>"; };
		D44FA41026111EBE00EB1050 /* CBUUIDs.swift */ = {isa = PBXFileReference; fileEncoding = 4; lastKnownFileType = sourcecode.swift; path = CBUUIDs.swift; sourceTree = "<group>"; };
		D44FA4152611208F00EB1050 /* ConsoleViewController.swift */ = {isa = PBXFileReference; fileEncoding = 4; lastKnownFileType = sourcecode.swift; path = ConsoleViewController.swift; sourceTree = "<group>"; };
		D44FA41D261128F800EB1050 /* TableViewCell.swift */ = {isa = PBXFileReference; fileEncoding = 4; lastKnownFileType = sourcecode.swift; path = TableViewCell.swift; sourceTree = "<group>"; };
		D45551EE26029363005BAFD0 /* SummaryViewController.swift */ = {isa = PBXFileReference; lastKnownFileType = sourcecode.swift; path = SummaryViewController.swift; sourceTree = "<group>"; };
		D45F9F0B25ED4176006A8228 /* GoalsViewController.swift */ = {isa = PBXFileReference; lastKnownFileType = sourcecode.swift; path = GoalsViewController.swift; sourceTree = "<group>"; };
		D4679C3625E4729F00DD5215 /* ActivityTableViewCell.swift */ = {isa = PBXFileReference; lastKnownFileType = sourcecode.swift; path = ActivityTableViewCell.swift; sourceTree = "<group>"; };
		D4679C3725E4729F00DD5215 /* ActivityTableViewCell.xib */ = {isa = PBXFileReference; lastKnownFileType = file.xib; path = ActivityTableViewCell.xib; sourceTree = "<group>"; };
		D47E7DE425E4120F00630807 /* PostureApp.app */ = {isa = PBXFileReference; explicitFileType = wrapper.application; includeInIndex = 0; path = PostureApp.app; sourceTree = BUILT_PRODUCTS_DIR; };
		D47E7DE725E4120F00630807 /* AppDelegate.swift */ = {isa = PBXFileReference; lastKnownFileType = sourcecode.swift; path = AppDelegate.swift; sourceTree = "<group>"; };
		D47E7DE925E4120F00630807 /* SceneDelegate.swift */ = {isa = PBXFileReference; lastKnownFileType = sourcecode.swift; path = SceneDelegate.swift; sourceTree = "<group>"; };
		D47E7DEB25E4120F00630807 /* ViewController.swift */ = {isa = PBXFileReference; lastKnownFileType = sourcecode.swift; path = ViewController.swift; sourceTree = "<group>"; };
		D47E7DEE25E4120F00630807 /* Base */ = {isa = PBXFileReference; lastKnownFileType = file.storyboard; name = Base; path = Base.lproj/Main.storyboard; sourceTree = "<group>"; };
		D47E7DF025E4121100630807 /* Assets.xcassets */ = {isa = PBXFileReference; lastKnownFileType = folder.assetcatalog; path = Assets.xcassets; sourceTree = "<group>"; };
		D47E7DF325E4121100630807 /* Base */ = {isa = PBXFileReference; lastKnownFileType = file.storyboard; name = Base; path = Base.lproj/LaunchScreen.storyboard; sourceTree = "<group>"; };
		D47E7DF525E4121100630807 /* Info.plist */ = {isa = PBXFileReference; lastKnownFileType = text.plist.xml; path = Info.plist; sourceTree = "<group>"; };
		D48D2AB925E84CBB00BC5582 /* ResultsViewController.swift */ = {isa = PBXFileReference; lastKnownFileType = sourcecode.swift; path = ResultsViewController.swift; sourceTree = "<group>"; };
		D49EE2BC26178447005EE24B /* BluetoothViewController.swift */ = {isa = PBXFileReference; lastKnownFileType = sourcecode.swift; path = BluetoothViewController.swift; sourceTree = "<group>"; };
		D4D8FC1C25EC75C800EEDD00 /* ActiveResultsViewController.swift */ = {isa = PBXFileReference; lastKnownFileType = sourcecode.swift; path = ActiveResultsViewController.swift; sourceTree = "<group>"; };
		D4F3EDAB25E4313F0004A595 /* TrackViewController.swift */ = {isa = PBXFileReference; lastKnownFileType = sourcecode.swift; path = TrackViewController.swift; sourceTree = "<group>"; };
		D8D6808DCD9F810A3D3F711F /* Pods-PostureApp.release.xcconfig */ = {isa = PBXFileReference; includeInIndex = 1; lastKnownFileType = text.xcconfig; name = "Pods-PostureApp.release.xcconfig"; path = "Target Support Files/Pods-PostureApp/Pods-PostureApp.release.xcconfig"; sourceTree = "<group>"; };
		E2E0ABA3A5DA57063844E745 /* Pods_PostureApp.framework */ = {isa = PBXFileReference; explicitFileType = wrapper.framework; includeInIndex = 0; path = Pods_PostureApp.framework; sourceTree = BUILT_PRODUCTS_DIR; };
		EB15A463F8CB04C7A5BFF45D /* Pods-PostureApp.debug.xcconfig */ = {isa = PBXFileReference; includeInIndex = 1; lastKnownFileType = text.xcconfig; name = "Pods-PostureApp.debug.xcconfig"; path = "Target Support Files/Pods-PostureApp/Pods-PostureApp.debug.xcconfig"; sourceTree = "<group>"; };
/* End PBXFileReference section */

/* Begin PBXFrameworksBuildPhase section */
		D47E7DE125E4120F00630807 /* Frameworks */ = {
			isa = PBXFrameworksBuildPhase;
			buildActionMask = 2147483647;
			files = (
				80D41B7A38F04152CA55E49E /* Pods_PostureApp.framework in Frameworks */,
			);
			runOnlyForDeploymentPostprocessing = 0;
		};
/* End PBXFrameworksBuildPhase section */

/* Begin PBXGroup section */
		076D029C0779501949112DD0 /* Frameworks */ = {
			isa = PBXGroup;
			children = (
				E2E0ABA3A5DA57063844E745 /* Pods_PostureApp.framework */,
			);
			name = Frameworks;
			sourceTree = "<group>";
		};
		09AB35E1846D0A5F12459E7A /* Pods */ = {
			isa = PBXGroup;
			children = (
				EB15A463F8CB04C7A5BFF45D /* Pods-PostureApp.debug.xcconfig */,
				D8D6808DCD9F810A3D3F711F /* Pods-PostureApp.release.xcconfig */,
			);
			path = Pods;
			sourceTree = "<group>";
		};
		D44FA40E26111E7400EB1050 /* Model */ = {
			isa = PBXGroup;
			children = (
				D44FA40F26111EBD00EB1050 /* BlePeripheral.swift */,
				D44FA41026111EBE00EB1050 /* CBUUIDs.swift */,
			);
			path = Model;
			sourceTree = "<group>";
		};
		D44FA4142611207B00EB1050 /* ViewController */ = {
			isa = PBXGroup;
			children = (
				D44FA4152611208F00EB1050 /* ConsoleViewController.swift */,
				D49EE2BC26178447005EE24B /* BluetoothViewController.swift */,
			);
			path = ViewController;
			sourceTree = "<group>";
		};
		D44FA41C261128E300EB1050 /* View */ = {
			isa = PBXGroup;
			children = (
				D44FA41D261128F800EB1050 /* TableViewCell.swift */,
			);
			path = View;
			sourceTree = "<group>";
		};
		D47E7DDB25E4120F00630807 = {
			isa = PBXGroup;
			children = (
				D47E7DE625E4120F00630807 /* PostureApp */,
				D47E7DE525E4120F00630807 /* Products */,
				09AB35E1846D0A5F12459E7A /* Pods */,
				076D029C0779501949112DD0 /* Frameworks */,
			);
			sourceTree = "<group>";
		};
		D47E7DE525E4120F00630807 /* Products */ = {
			isa = PBXGroup;
			children = (
				D47E7DE425E4120F00630807 /* PostureApp.app */,
			);
			name = Products;
			sourceTree = "<group>";
		};
		D47E7DE625E4120F00630807 /* PostureApp */ = {
			isa = PBXGroup;
			children = (
				D44FA41C261128E300EB1050 /* View */,
				D44FA4142611207B00EB1050 /* ViewController */,
				D44FA40E26111E7400EB1050 /* Model */,
				D47E7DE725E4120F00630807 /* AppDelegate.swift */,
				D47E7DE925E4120F00630807 /* SceneDelegate.swift */,
				D47E7DEB25E4120F00630807 /* ViewController.swift */,
				D47E7DED25E4120F00630807 /* Main.storyboard */,
				D47E7DF025E4121100630807 /* Assets.xcassets */,
				D47E7DF225E4121100630807 /* LaunchScreen.storyboard */,
				D47E7DF525E4121100630807 /* Info.plist */,
				D4F3EDAB25E4313F0004A595 /* TrackViewController.swift */,
				D4679C3625E4729F00DD5215 /* ActivityTableViewCell.swift */,
				D4679C3725E4729F00DD5215 /* ActivityTableViewCell.xib */,
				D48D2AB925E84CBB00BC5582 /* ResultsViewController.swift */,
				D4D8FC1C25EC75C800EEDD00 /* ActiveResultsViewController.swift */,
				D45F9F0B25ED4176006A8228 /* GoalsViewController.swift */,
				D45551EE26029363005BAFD0 /* SummaryViewController.swift */,
				D411A731262887A300A0E762 /* SecondTrackViewController.swift */,
			);
			path = PostureApp;
			sourceTree = "<group>";
		};
/* End PBXGroup section */

/* Begin PBXNativeTarget section */
		D47E7DE325E4120F00630807 /* PostureApp */ = {
			isa = PBXNativeTarget;
			buildConfigurationList = D47E7DF825E4121100630807 /* Build configuration list for PBXNativeTarget "PostureApp" */;
			buildPhases = (
				9A7F211390E0C8EEA7630848 /* [CP] Check Pods Manifest.lock */,
				D47E7DE025E4120F00630807 /* Sources */,
				D47E7DE125E4120F00630807 /* Frameworks */,
				D47E7DE225E4120F00630807 /* Resources */,
				0037C24A809281B98438045F /* [CP] Embed Pods Frameworks */,
			);
			buildRules = (
			);
			dependencies = (
			);
			name = PostureApp;
			productName = PostureApp;
			productReference = D47E7DE425E4120F00630807 /* PostureApp.app */;
			productType = "com.apple.product-type.application";
		};
/* End PBXNativeTarget section */

/* Begin PBXProject section */
		D47E7DDC25E4120F00630807 /* Project object */ = {
			isa = PBXProject;
			attributes = {
				LastSwiftUpdateCheck = 1140;
				LastUpgradeCheck = 1140;
				ORGANIZATIONNAME = "Nishant Iyengar";
				TargetAttributes = {
					D47E7DE325E4120F00630807 = {
						CreatedOnToolsVersion = 11.4.1;
					};
				};
			};
			buildConfigurationList = D47E7DDF25E4120F00630807 /* Build configuration list for PBXProject "PostureApp" */;
			compatibilityVersion = "Xcode 9.3";
			developmentRegion = en;
			hasScannedForEncodings = 0;
			knownRegions = (
				en,
				Base,
			);
			mainGroup = D47E7DDB25E4120F00630807;
			productRefGroup = D47E7DE525E4120F00630807 /* Products */;
			projectDirPath = "";
			projectRoot = "";
			targets = (
				D47E7DE325E4120F00630807 /* PostureApp */,
			);
		};
/* End PBXProject section */

/* Begin PBXResourcesBuildPhase section */
		D47E7DE225E4120F00630807 /* Resources */ = {
			isa = PBXResourcesBuildPhase;
			buildActionMask = 2147483647;
			files = (
				D47E7DF425E4121100630807 /* LaunchScreen.storyboard in Resources */,
				D47E7DF125E4121100630807 /* Assets.xcassets in Resources */,
				D4679C3925E4729F00DD5215 /* ActivityTableViewCell.xib in Resources */,
				D47E7DEF25E4120F00630807 /* Main.storyboard in Resources */,
			);
			runOnlyForDeploymentPostprocessing = 0;
		};
/* End PBXResourcesBuildPhase section */

/* Begin PBXShellScriptBuildPhase section */
		0037C24A809281B98438045F /* [CP] Embed Pods Frameworks */ = {
			isa = PBXShellScriptBuildPhase;
			buildActionMask = 2147483647;
			files = (
			);
			inputFileListPaths = (
				"${PODS_ROOT}/Target Support Files/Pods-PostureApp/Pods-PostureApp-frameworks-${CONFIGURATION}-input-files.xcfilelist",
			);
			name = "[CP] Embed Pods Frameworks";
			outputFileListPaths = (
				"${PODS_ROOT}/Target Support Files/Pods-PostureApp/Pods-PostureApp-frameworks-${CONFIGURATION}-output-files.xcfilelist",
			);
			runOnlyForDeploymentPostprocessing = 0;
			shellPath = /bin/sh;
			shellScript = "\"${PODS_ROOT}/Target Support Files/Pods-PostureApp/Pods-PostureApp-frameworks.sh\"\n";
			showEnvVarsInLog = 0;
		};
		9A7F211390E0C8EEA7630848 /* [CP] Check Pods Manifest.lock */ = {
			isa = PBXShellScriptBuildPhase;
			buildActionMask = 2147483647;
			files = (
			);
			inputFileListPaths = (
			);
			inputPaths = (
				"${PODS_PODFILE_DIR_PATH}/Podfile.lock",
				"${PODS_ROOT}/Manifest.lock",
			);
			name = "[CP] Check Pods Manifest.lock";
			outputFileListPaths = (
			);
			outputPaths = (
				"$(DERIVED_FILE_DIR)/Pods-PostureApp-checkManifestLockResult.txt",
			);
			runOnlyForDeploymentPostprocessing = 0;
			shellPath = /bin/sh;
			shellScript = "diff \"${PODS_PODFILE_DIR_PATH}/Podfile.lock\" \"${PODS_ROOT}/Manifest.lock\" > /dev/null\nif [ $? != 0 ] ; then\n    # print error to STDERR\n    echo \"error: The sandbox is not in sync with the Podfile.lock. Run 'pod install' or update your CocoaPods installation.\" >&2\n    exit 1\nfi\n# This output is used by Xcode 'outputs' to avoid re-running this script phase.\necho \"SUCCESS\" > \"${SCRIPT_OUTPUT_FILE_0}\"\n";
			showEnvVarsInLog = 0;
		};
/* End PBXShellScriptBuildPhase section */

/* Begin PBXSourcesBuildPhase section */
		D47E7DE025E4120F00630807 /* Sources */ = {
			isa = PBXSourcesBuildPhase;
			buildActionMask = 2147483647;
			files = (
				D44FA41E261128F800EB1050 /* TableViewCell.swift in Sources */,
				D4F3EDAC25E4313F0004A595 /* TrackViewController.swift in Sources */,
				D45F9F0C25ED4176006A8228 /* GoalsViewController.swift in Sources */,
				D49EE2BD26178447005EE24B /* BluetoothViewController.swift in Sources */,
				D44FA4162611208F00EB1050 /* ConsoleViewController.swift in Sources */,
				D47E7DEC25E4120F00630807 /* ViewController.swift in Sources */,
				D44FA41126111EBE00EB1050 /* BlePeripheral.swift in Sources */,
				D4D8FC1D25EC75C800EEDD00 /* ActiveResultsViewController.swift in Sources */,
				D4679C3825E4729F00DD5215 /* ActivityTableViewCell.swift in Sources */,
				D47E7DE825E4120F00630807 /* AppDelegate.swift in Sources */,
				D47E7DEA25E4120F00630807 /* SceneDelegate.swift in Sources */,
				D48D2ABA25E84CBB00BC5582 /* ResultsViewController.swift in Sources */,
				D45551EF26029363005BAFD0 /* SummaryViewController.swift in Sources */,
				D411A732262887A300A0E762 /* SecondTrackViewController.swift in Sources */,
				D44FA41226111EBE00EB1050 /* CBUUIDs.swift in Sources */,
			);
			runOnlyForDeploymentPostprocessing = 0;
		};
/* End PBXSourcesBuildPhase section */

/* Begin PBXVariantGroup section */
		D47E7DED25E4120F00630807 /* Main.storyboard */ = {
			isa = PBXVariantGroup;
			children = (
				D47E7DEE25E4120F00630807 /* Base */,
			);
			name = Main.storyboard;
			sourceTree = "<group>";
		};
		D47E7DF225E4121100630807 /* LaunchScreen.storyboard */ = {
			isa = PBXVariantGroup;
			children = (
				D47E7DF325E4121100630807 /* Base */,
			);
			name = LaunchScreen.storyboard;
			sourceTree = "<group>";
		};
/* End PBXVariantGroup section */

/* Begin XCBuildConfiguration section */
		D47E7DF625E4121100630807 /* Debug */ = {
			isa = XCBuildConfiguration;
			buildSettings = {
				ALWAYS_SEARCH_USER_PATHS = NO;
				CLANG_ANALYZER_NONNULL = YES;
				CLANG_ANALYZER_NUMBER_OBJECT_CONVERSION = YES_AGGRESSIVE;
				CLANG_CXX_LANGUAGE_STANDARD = "gnu++14";
				CLANG_CXX_LIBRARY = "libc++";
				CLANG_ENABLE_MODULES = YES;
				CLANG_ENABLE_OBJC_ARC = YES;
				CLANG_ENABLE_OBJC_WEAK = YES;
				CLANG_WARN_BLOCK_CAPTURE_AUTORELEASING = YES;
				CLANG_WARN_BOOL_CONVERSION = YES;
				CLANG_WARN_COMMA = YES;
				CLANG_WARN_CONSTANT_CONVERSION = YES;
				CLANG_WARN_DEPRECATED_OBJC_IMPLEMENTATIONS = YES;
				CLANG_WARN_DIRECT_OBJC_ISA_USAGE = YES_ERROR;
				CLANG_WARN_DOCUMENTATION_COMMENTS = YES;
				CLANG_WARN_EMPTY_BODY = YES;
				CLANG_WARN_ENUM_CONVERSION = YES;
				CLANG_WARN_INFINITE_RECURSION = YES;
				CLANG_WARN_INT_CONVERSION = YES;
				CLANG_WARN_NON_LITERAL_NULL_CONVERSION = YES;
				CLANG_WARN_OBJC_IMPLICIT_RETAIN_SELF = YES;
				CLANG_WARN_OBJC_LITERAL_CONVERSION = YES;
				CLANG_WARN_OBJC_ROOT_CLASS = YES_ERROR;
				CLANG_WARN_RANGE_LOOP_ANALYSIS = YES;
				CLANG_WARN_STRICT_PROTOTYPES = YES;
				CLANG_WARN_SUSPICIOUS_MOVE = YES;
				CLANG_WARN_UNGUARDED_AVAILABILITY = YES_AGGRESSIVE;
				CLANG_WARN_UNREACHABLE_CODE = YES;
				CLANG_WARN__DUPLICATE_METHOD_MATCH = YES;
				COPY_PHASE_STRIP = NO;
				DEBUG_INFORMATION_FORMAT = dwarf;
				ENABLE_STRICT_OBJC_MSGSEND = YES;
				ENABLE_TESTABILITY = YES;
				GCC_C_LANGUAGE_STANDARD = gnu11;
				GCC_DYNAMIC_NO_PIC = NO;
				GCC_NO_COMMON_BLOCKS = YES;
				GCC_OPTIMIZATION_LEVEL = 0;
				GCC_PREPROCESSOR_DEFINITIONS = (
					"DEBUG=1",
					"$(inherited)",
				);
				GCC_WARN_64_TO_32_BIT_CONVERSION = YES;
				GCC_WARN_ABOUT_RETURN_TYPE = YES_ERROR;
				GCC_WARN_UNDECLARED_SELECTOR = YES;
				GCC_WARN_UNINITIALIZED_AUTOS = YES_AGGRESSIVE;
				GCC_WARN_UNUSED_FUNCTION = YES;
				GCC_WARN_UNUSED_VARIABLE = YES;
				IPHONEOS_DEPLOYMENT_TARGET = 13.4;
				MTL_ENABLE_DEBUG_INFO = INCLUDE_SOURCE;
				MTL_FAST_MATH = YES;
				ONLY_ACTIVE_ARCH = YES;
				SDKROOT = iphoneos;
				SWIFT_ACTIVE_COMPILATION_CONDITIONS = DEBUG;
				SWIFT_OPTIMIZATION_LEVEL = "-Onone";
			};
			name = Debug;
		};
		D47E7DF725E4121100630807 /* Release */ = {
			isa = XCBuildConfiguration;
			buildSettings = {
				ALWAYS_SEARCH_USER_PATHS = NO;
				CLANG_ANALYZER_NONNULL = YES;
				CLANG_ANALYZER_NUMBER_OBJECT_CONVERSION = YES_AGGRESSIVE;
				CLANG_CXX_LANGUAGE_STANDARD = "gnu++14";
				CLANG_CXX_LIBRARY = "libc++";
				CLANG_ENABLE_MODULES = YES;
				CLANG_ENABLE_OBJC_ARC = YES;
				CLANG_ENABLE_OBJC_WEAK = YES;
				CLANG_WARN_BLOCK_CAPTURE_AUTORELEASING = YES;
				CLANG_WARN_BOOL_CONVERSION = YES;
				CLANG_WARN_COMMA = YES;
				CLANG_WARN_CONSTANT_CONVERSION = YES;
				CLANG_WARN_DEPRECATED_OBJC_IMPLEMENTATIONS = YES;
				CLANG_WARN_DIRECT_OBJC_ISA_USAGE = YES_ERROR;
				CLANG_WARN_DOCUMENTATION_COMMENTS = YES;
				CLANG_WARN_EMPTY_BODY = YES;
				CLANG_WARN_ENUM_CONVERSION = YES;
				CLANG_WARN_INFINITE_RECURSION = YES;
				CLANG_WARN_INT_CONVERSION = YES;
				CLANG_WARN_NON_LITERAL_NULL_CONVERSION = YES;
				CLANG_WARN_OBJC_IMPLICIT_RETAIN_SELF = YES;
				CLANG_WARN_OBJC_LITERAL_CONVERSION = YES;
				CLANG_WARN_OBJC_ROOT_CLASS = YES_ERROR;
				CLANG_WARN_RANGE_LOOP_ANALYSIS = YES;
				CLANG_WARN_STRICT_PROTOTYPES = YES;
				CLANG_WARN_SUSPICIOUS_MOVE = YES;
				CLANG_WARN_UNGUARDED_AVAILABILITY = YES_AGGRESSIVE;
				CLANG_WARN_UNREACHABLE_CODE = YES;
				CLANG_WARN__DUPLICATE_METHOD_MATCH = YES;
				COPY_PHASE_STRIP = NO;
				DEBUG_INFORMATION_FORMAT = "dwarf-with-dsym";
				ENABLE_NS_ASSERTIONS = NO;
				ENABLE_STRICT_OBJC_MSGSEND = YES;
				GCC_C_LANGUAGE_STANDARD = gnu11;
				GCC_NO_COMMON_BLOCKS = YES;
				GCC_WARN_64_TO_32_BIT_CONVERSION = YES;
				GCC_WARN_ABOUT_RETURN_TYPE = YES_ERROR;
				GCC_WARN_UNDECLARED_SELECTOR = YES;
				GCC_WARN_UNINITIALIZED_AUTOS = YES_AGGRESSIVE;
				GCC_WARN_UNUSED_FUNCTION = YES;
				GCC_WARN_UNUSED_VARIABLE = YES;
				IPHONEOS_DEPLOYMENT_TARGET = 13.4;
				MTL_ENABLE_DEBUG_INFO = NO;
				MTL_FAST_MATH = YES;
				SDKROOT = iphoneos;
				SWIFT_COMPILATION_MODE = wholemodule;
				SWIFT_OPTIMIZATION_LEVEL = "-O";
				VALIDATE_PRODUCT = YES;
			};
			name = Release;
		};
		D47E7DF925E4121100630807 /* Debug */ = {
			isa = XCBuildConfiguration;
			baseConfigurationReference = EB15A463F8CB04C7A5BFF45D /* Pods-PostureApp.debug.xcconfig */;
			buildSettings = {
				ASSETCATALOG_COMPILER_APPICON_NAME = AppIcon;
				CODE_SIGN_STYLE = Automatic;
				DEVELOPMENT_TEAM = 9G25GJH7KZ;
				INFOPLIST_FILE = PostureApp/Info.plist;
				LD_RUNPATH_SEARCH_PATHS = (
					"$(inherited)",
					"@executable_path/Frameworks",
				);
				PRODUCT_BUNDLE_IDENTIFIER = com.nishant.PostureApp;
				PRODUCT_NAME = "$(TARGET_NAME)";
				SWIFT_VERSION = 5.0;
				TARGETED_DEVICE_FAMILY = "1,2";
			};
			name = Debug;
		};
		D47E7DFA25E4121100630807 /* Release */ = {
			isa = XCBuildConfiguration;
			baseConfigurationReference = D8D6808DCD9F810A3D3F711F /* Pods-PostureApp.release.xcconfig */;
			buildSettings = {
				ASSETCATALOG_COMPILER_APPICON_NAME = AppIcon;
				CODE_SIGN_STYLE = Automatic;
				DEVELOPMENT_TEAM = 9G25GJH7KZ;
				INFOPLIST_FILE = PostureApp/Info.plist;
				LD_RUNPATH_SEARCH_PATHS = (
					"$(inherited)",
					"@executable_path/Frameworks",
				);
				PRODUCT_BUNDLE_IDENTIFIER = com.nishant.PostureApp;
				PRODUCT_NAME = "$(TARGET_NAME)";
				SWIFT_VERSION = 5.0;
				TARGETED_DEVICE_FAMILY = "1,2";
			};
			name = Release;
		};
/* End XCBuildConfiguration section */

/* Begin XCConfigurationList section */
		D47E7DDF25E4120F00630807 /* Build configuration list for PBXProject "PostureApp" */ = {
			isa = XCConfigurationList;
			buildConfigurations = (
				D47E7DF625E4121100630807 /* Debug */,
				D47E7DF725E4121100630807 /* Release */,
			);
			defaultConfigurationIsVisible = 0;
			defaultConfigurationName = Release;
		};
		D47E7DF825E4121100630807 /* Build configuration list for PBXNativeTarget "PostureApp" */ = {
			isa = XCConfigurationList;
			buildConfigurations = (
				D47E7DF925E4121100630807 /* Debug */,
				D47E7DFA25E4121100630807 /* Release */,
			);
			defaultConfigurationIsVisible = 0;
			defaultConfigurationName = Release;
		};
/* End XCConfigurationList section */
	};
	rootObject = D47E7DDC25E4120F00630807 /* Project object */;
}
